
Microsoft Visual Studio Solution File, Format Version 12.00
# Visual Studio Version 17
VisualStudioVersion = 17.4.33205.214
MinimumVisualStudioVersion = 10.0.40219.1
Project("{FAE04EC0-301F-11D3-BF4B-00C04F79EFBC}") = "AromatMir", "AromatMir\AromatMir.csproj", "{195109BE-FC34-4256-86FC-C4AB25A36413}"
EndProject
Global
	GlobalSection(SolutionConfigurationPlatforms) = preSolution
		Debug|Any CPU = Debug|Any CPU
		Release|Any CPU = Release|Any CPU
	EndGlobalSection
	GlobalSection(ProjectConfigurationPlatforms) = postSolution
		{195109BE-FC34-4256-86FC-C4AB25A36413}.Debug|Any CPU.ActiveCfg = Debug|Any CPU
		{195109BE-FC34-4256-86FC-C4AB25A36413}.Debug|Any CPU.Build.0 = Debug|Any CPU
		{195109BE-FC34-4256-86FC-C4AB25A36413}.Release|Any CPU.ActiveCfg = Release|Any CPU
		{195109BE-FC34-4256-86FC-C4AB25A36413}.Release|Any CPU.Build.0 = Release|Any CPU
	EndGlobalSection
	GlobalSection(SolutionProperties) = preSolution
		HideSolutionNode = FALSE
	EndGlobalSection
	GlobalSection(ExtensibilityGlobals) = postSolution
		SolutionGuid = {1E478F98-EF09-4B31-9B0F-58EACC0339D2}
	EndGlobalSection
EndGlobal
